
Microsoft Visual Studio Solution File, Format Version 12.00
# Visual Studio Version 17
VisualStudioVersion = 17.7.34031.279
MinimumVisualStudioVersion = 10.0.40219.1
Project("{FAE04EC0-301F-11D3-BF4B-00C04F79EFBC}") = "TopScore", "TopScore.csproj", "{445A512E-1B6B-4060-A330-34DDBA29E3A4}"
EndProject
Global
	GlobalSection(SolutionConfigurationPlatforms) = preSolution
		Debug|Any CPU = Debug|Any CPU
		Release|Any CPU = Release|Any CPU
	EndGlobalSection
	GlobalSection(ProjectConfigurationPlatforms) = postSolution
		{445A512E-1B6B-4060-A330-34DDBA29E3A4}.Debug|Any CPU.ActiveCfg = Debug|Any CPU
		{445A512E-1B6B-4060-A330-34DDBA29E3A4}.Debug|Any CPU.Build.0 = Debug|Any CPU
		{445A512E-1B6B-4060-A330-34DDBA29E3A4}.Release|Any CPU.ActiveCfg = Release|Any CPU
		{445A512E-1B6B-4060-A330-34DDBA29E3A4}.Release|Any CPU.Build.0 = Release|Any CPU
	EndGlobalSection
	GlobalSection(SolutionProperties) = preSolution
		HideSolutionNode = FALSE
	EndGlobalSection
	GlobalSection(ExtensibilityGlobals) = postSolution
		SolutionGuid = {C292A89B-5D83-4F20-9843-949201A16F78}
	EndGlobalSection
EndGlobal
